
Microsoft Visual Studio Solution File, Format Version 12.00
Project("{FAE04EC0-301F-11D3-BF4B-00C04F79EFBC}") = "CodeQualityToGitlab", "CodeQualityToGitlab\CodeQualityToGitlab.csproj", "{AB18A911-AEFC-476C-AE9B-35EFDDAC9167}"
EndProject
Project("{FAE04EC0-301F-11D3-BF4B-00C04F79EFBC}") = "Test", "Test\Test.csproj", "{3DBC2C5A-BDE5-48DF-85FA-CAA118226B96}"
EndProject
Global
	GlobalSection(SolutionConfigurationPlatforms) = preSolution
		Debug|Any CPU = Debug|Any CPU
		Release|Any CPU = Release|Any CPU
	EndGlobalSection
	GlobalSection(ProjectConfigurationPlatforms) = postSolution
		{AB18A911-AEFC-476C-AE9B-35EFDDAC9167}.Debug|Any CPU.ActiveCfg = Debug|Any CPU
		{AB18A911-AEFC-476C-AE9B-35EFDDAC9167}.Debug|Any CPU.Build.0 = Debug|Any CPU
		{AB18A911-AEFC-476C-AE9B-35EFDDAC9167}.Release|Any CPU.ActiveCfg = Release|Any CPU
		{AB18A911-AEFC-476C-AE9B-35EFDDAC9167}.Release|Any CPU.Build.0 = Release|Any CPU
		{3DBC2C5A-BDE5-48DF-85FA-CAA118226B96}.Debug|Any CPU.ActiveCfg = Debug|Any CPU
		{3DBC2C5A-BDE5-48DF-85FA-CAA118226B96}.Debug|Any CPU.Build.0 = Debug|Any CPU
		{3DBC2C5A-BDE5-48DF-85FA-CAA118226B96}.Release|Any CPU.ActiveCfg = Release|Any CPU
		{3DBC2C5A-BDE5-48DF-85FA-CAA118226B96}.Release|Any CPU.Build.0 = Release|Any CPU
	EndGlobalSection
EndGlobal
